// !$*UTF8*$!
{
	archiveVersion = 1;
	classes = {
	};
	objectVersion = 56;
	objects = {

/* Begin PBXBuildFile section */
		0F50576494C28F86BB1F27C8 /* Entry+Schema.swift in Sources */ = {isa = PBXBuildFile; fileRef = 56BD0D01D56C0B6C766848D1 /* Entry+Schema.swift */; };
		2F6E05694DFF10485A8DF67F /* amplifyconfiguration.json in Resources */ = {isa = PBXBuildFile; fileRef = CC49D42BA6C82F09A08C7411 /* amplifyconfiguration.json */; };
		4BE3BEB8643E6C6F6FE43EB9 /* awsconfiguration.json in Resources */ = {isa = PBXBuildFile; fileRef = 3F121AC2ADD4FD8FDC48B01E /* awsconfiguration.json */; };
		66D16059DC67CB6AE119E3EC /* Entry.swift in Sources */ = {isa = PBXBuildFile; fileRef = 8BBCE05E0C7D3095B442D91A /* Entry.swift */; };
		D015C6132BF8C8BD00DE6A4A /* SaveEntryView.swift in Sources */ = {isa = PBXBuildFile; fileRef = D015C6122BF8C8BD00DE6A4A /* SaveEntryView.swift */; };
		D08B47B22BF0F63700120158 /* AWSAPIPlugin in Frameworks */ = {isa = PBXBuildFile; productRef = D08B47B12BF0F63700120158 /* AWSAPIPlugin */; };
		D08B47B62BF0F7B200120158 /* EntryView.swift in Sources */ = {isa = PBXBuildFile; fileRef = D08B47B52BF0F7B200120158 /* EntryView.swift */; };
		D08B47B92BF0FCF800120158 /* AuthenticationService.swift in Sources */ = {isa = PBXBuildFile; fileRef = D08B47B82BF0FCF800120158 /* AuthenticationService.swift */; };
		D08B47BB2BF0FF0200120158 /* LandingView.swift in Sources */ = {isa = PBXBuildFile; fileRef = D08B47BA2BF0FF0200120158 /* LandingView.swift */; };
		D08B47BD2BF8C1C000120158 /* EntryService.swift in Sources */ = {isa = PBXBuildFile; fileRef = D08B47BC2BF8C1C000120158 /* EntryService.swift */; };
		D0B66B952BF0E1DC00976941 /* CampusPetsApp.swift in Sources */ = {isa = PBXBuildFile; fileRef = D0B66B942BF0E1DC00976941 /* CampusPetsApp.swift */; };
		D0B66B972BF0E1DC00976941 /* ContentView.swift in Sources */ = {isa = PBXBuildFile; fileRef = D0B66B962BF0E1DC00976941 /* ContentView.swift */; };
		D0B66B992BF0E1DD00976941 /* Assets.xcassets in Resources */ = {isa = PBXBuildFile; fileRef = D0B66B982BF0E1DD00976941 /* Assets.xcassets */; };
		D0B66B9C2BF0E1DD00976941 /* Preview Assets.xcassets in Resources */ = {isa = PBXBuildFile; fileRef = D0B66B9B2BF0E1DD00976941 /* Preview Assets.xcassets */; };
		D0B66BA62BF0E1DD00976941 /* CampusPetsTests.swift in Sources */ = {isa = PBXBuildFile; fileRef = D0B66BA52BF0E1DD00976941 /* CampusPetsTests.swift */; };
		D0B66BB02BF0E1DD00976941 /* CampusPetsUITests.swift in Sources */ = {isa = PBXBuildFile; fileRef = D0B66BAF2BF0E1DD00976941 /* CampusPetsUITests.swift */; };
		D0B66BB22BF0E1DD00976941 /* CampusPetsUITestsLaunchTests.swift in Sources */ = {isa = PBXBuildFile; fileRef = D0B66BB12BF0E1DD00976941 /* CampusPetsUITestsLaunchTests.swift */; };
		D0B66BC02BF0E40700976941 /* AWSCognitoAuthPlugin in Frameworks */ = {isa = PBXBuildFile; productRef = D0B66BBF2BF0E40700976941 /* AWSCognitoAuthPlugin */; };
		D0B66BC22BF0E40700976941 /* AWSS3StoragePlugin in Frameworks */ = {isa = PBXBuildFile; productRef = D0B66BC12BF0E40700976941 /* AWSS3StoragePlugin */; };
		D0B66BC42BF0E40700976941 /* Amplify in Frameworks */ = {isa = PBXBuildFile; productRef = D0B66BC32BF0E40700976941 /* Amplify */; };
		E9584BA86AE35D7D998C0AA8 /* AmplifyModels.swift in Sources */ = {isa = PBXBuildFile; fileRef = F8E83619F9C4F4A83CD29EAA /* AmplifyModels.swift */; };
/* End PBXBuildFile section */

/* Begin PBXContainerItemProxy section */
		D0B66BA22BF0E1DD00976941 /* PBXContainerItemProxy */ = {
			isa = PBXContainerItemProxy;
			containerPortal = D0B66B892BF0E1DC00976941 /* Project object */;
			proxyType = 1;
			remoteGlobalIDString = D0B66B902BF0E1DC00976941;
			remoteInfo = CampusPets;
		};
		D0B66BAC2BF0E1DD00976941 /* PBXContainerItemProxy */ = {
			isa = PBXContainerItemProxy;
			containerPortal = D0B66B892BF0E1DC00976941 /* Project object */;
			proxyType = 1;
			remoteGlobalIDString = D0B66B902BF0E1DC00976941;
			remoteInfo = CampusPets;
		};
/* End PBXContainerItemProxy section */

/* Begin PBXFileReference section */
		3F121AC2ADD4FD8FDC48B01E /* awsconfiguration.json */ = {isa = PBXFileReference; explicitFileType = text.json; path = awsconfiguration.json; sourceTree = "<group>"; };
		56BD0D01D56C0B6C766848D1 /* Entry+Schema.swift */ = {isa = PBXFileReference; explicitFileType = sourcecode.swift; name = "Entry+Schema.swift"; path = "amplify/generated/models/Entry+Schema.swift"; sourceTree = "<group>"; };
		8BBCE05E0C7D3095B442D91A /* Entry.swift */ = {isa = PBXFileReference; explicitFileType = sourcecode.swift; name = Entry.swift; path = amplify/generated/models/Entry.swift; sourceTree = "<group>"; };
		CC49D42BA6C82F09A08C7411 /* amplifyconfiguration.json */ = {isa = PBXFileReference; explicitFileType = text.json; path = amplifyconfiguration.json; sourceTree = "<group>"; };
		D015C6122BF8C8BD00DE6A4A /* SaveEntryView.swift */ = {isa = PBXFileReference; lastKnownFileType = sourcecode.swift; path = SaveEntryView.swift; sourceTree = "<group>"; };
		D08B47B52BF0F7B200120158 /* EntryView.swift */ = {isa = PBXFileReference; lastKnownFileType = sourcecode.swift; path = EntryView.swift; sourceTree = "<group>"; };
		D08B47B72BF0FCB700120158 /* Info.plist */ = {isa = PBXFileReference; lastKnownFileType = text.plist; path = Info.plist; sourceTree = "<group>"; };
		D08B47B82BF0FCF800120158 /* AuthenticationService.swift */ = {isa = PBXFileReference; lastKnownFileType = sourcecode.swift; path = AuthenticationService.swift; sourceTree = "<group>"; };
		D08B47BA2BF0FF0200120158 /* LandingView.swift */ = {isa = PBXFileReference; lastKnownFileType = sourcecode.swift; path = LandingView.swift; sourceTree = "<group>"; };
		D08B47BC2BF8C1C000120158 /* EntryService.swift */ = {isa = PBXFileReference; lastKnownFileType = sourcecode.swift; path = EntryService.swift; sourceTree = "<group>"; };
		D0B66B912BF0E1DC00976941 /* CampusPets.app */ = {isa = PBXFileReference; explicitFileType = wrapper.application; includeInIndex = 0; path = CampusPets.app; sourceTree = BUILT_PRODUCTS_DIR; };
		D0B66B942BF0E1DC00976941 /* CampusPetsApp.swift */ = {isa = PBXFileReference; lastKnownFileType = sourcecode.swift; path = CampusPetsApp.swift; sourceTree = "<group>"; };
		D0B66B962BF0E1DC00976941 /* ContentView.swift */ = {isa = PBXFileReference; lastKnownFileType = sourcecode.swift; path = ContentView.swift; sourceTree = "<group>"; };
		D0B66B982BF0E1DD00976941 /* Assets.xcassets */ = {isa = PBXFileReference; lastKnownFileType = folder.assetcatalog; path = Assets.xcassets; sourceTree = "<group>"; };
		D0B66B9B2BF0E1DD00976941 /* Preview Assets.xcassets */ = {isa = PBXFileReference; lastKnownFileType = folder.assetcatalog; path = "Preview Assets.xcassets"; sourceTree = "<group>"; };
		D0B66BA12BF0E1DD00976941 /* CampusPetsTests.xctest */ = {isa = PBXFileReference; explicitFileType = wrapper.cfbundle; includeInIndex = 0; path = CampusPetsTests.xctest; sourceTree = BUILT_PRODUCTS_DIR; };
		D0B66BA52BF0E1DD00976941 /* CampusPetsTests.swift */ = {isa = PBXFileReference; lastKnownFileType = sourcecode.swift; path = CampusPetsTests.swift; sourceTree = "<group>"; };
		D0B66BAB2BF0E1DD00976941 /* CampusPetsUITests.xctest */ = {isa = PBXFileReference; explicitFileType = wrapper.cfbundle; includeInIndex = 0; path = CampusPetsUITests.xctest; sourceTree = BUILT_PRODUCTS_DIR; };
		D0B66BAF2BF0E1DD00976941 /* CampusPetsUITests.swift */ = {isa = PBXFileReference; lastKnownFileType = sourcecode.swift; path = CampusPetsUITests.swift; sourceTree = "<group>"; };
		D0B66BB12BF0E1DD00976941 /* CampusPetsUITestsLaunchTests.swift */ = {isa = PBXFileReference; lastKnownFileType = sourcecode.swift; path = CampusPetsUITestsLaunchTests.swift; sourceTree = "<group>"; };
		F8E83619F9C4F4A83CD29EAA /* AmplifyModels.swift */ = {isa = PBXFileReference; explicitFileType = sourcecode.swift; name = AmplifyModels.swift; path = amplify/generated/models/AmplifyModels.swift; sourceTree = "<group>"; };
/* End PBXFileReference section */

/* Begin PBXFrameworksBuildPhase section */
		D0B66B8E2BF0E1DC00976941 /* Frameworks */ = {
			isa = PBXFrameworksBuildPhase;
			buildActionMask = 2147483647;
			files = (
				D08B47B22BF0F63700120158 /* AWSAPIPlugin in Frameworks */,
				D0B66BC42BF0E40700976941 /* Amplify in Frameworks */,
				D0B66BC02BF0E40700976941 /* AWSCognitoAuthPlugin in Frameworks */,
				D0B66BC22BF0E40700976941 /* AWSS3StoragePlugin in Frameworks */,
			);
			runOnlyForDeploymentPostprocessing = 0;
		};
		D0B66B9E2BF0E1DD00976941 /* Frameworks */ = {
			isa = PBXFrameworksBuildPhase;
			buildActionMask = 2147483647;
			files = (
			);
			runOnlyForDeploymentPostprocessing = 0;
		};
		D0B66BA82BF0E1DD00976941 /* Frameworks */ = {
			isa = PBXFrameworksBuildPhase;
			buildActionMask = 2147483647;
			files = (
			);
			runOnlyForDeploymentPostprocessing = 0;
		};
/* End PBXFrameworksBuildPhase section */

/* Begin PBXGroup section */
		23B39FF3487CC2334252DB32 /* AmplifyModels */ = {
			isa = PBXGroup;
			children = (
				F8E83619F9C4F4A83CD29EAA /* AmplifyModels.swift */,
				56BD0D01D56C0B6C766848D1 /* Entry+Schema.swift */,
				8BBCE05E0C7D3095B442D91A /* Entry.swift */,
			);
			name = AmplifyModels;
			sourceTree = "<group>";
		};
		A77272FAEF99BD3F61C421D8 /* AmplifyConfig */ = {
			isa = PBXGroup;
			children = (
				3F121AC2ADD4FD8FDC48B01E /* awsconfiguration.json */,
				CC49D42BA6C82F09A08C7411 /* amplifyconfiguration.json */,
			);
			name = AmplifyConfig;
			sourceTree = "<group>";
		};
		D0B66B882BF0E1DC00976941 = {
			isa = PBXGroup;
			children = (
				D0B66B932BF0E1DC00976941 /* CampusPets */,
				D0B66BA42BF0E1DD00976941 /* CampusPetsTests */,
				D0B66BAE2BF0E1DD00976941 /* CampusPetsUITests */,
				D0B66B922BF0E1DC00976941 /* Products */,
				A77272FAEF99BD3F61C421D8 /* AmplifyConfig */,
				23B39FF3487CC2334252DB32 /* AmplifyModels */,
			);
			sourceTree = "<group>";
		};
		D0B66B922BF0E1DC00976941 /* Products */ = {
			isa = PBXGroup;
			children = (
				D0B66B912BF0E1DC00976941 /* CampusPets.app */,
				D0B66BA12BF0E1DD00976941 /* CampusPetsTests.xctest */,
				D0B66BAB2BF0E1DD00976941 /* CampusPetsUITests.xctest */,
			);
			name = Products;
			sourceTree = "<group>";
		};
		D0B66B932BF0E1DC00976941 /* CampusPets */ = {
			isa = PBXGroup;
			children = (
				D08B47B72BF0FCB700120158 /* Info.plist */,
				D08B47B52BF0F7B200120158 /* EntryView.swift */,
				D08B47BC2BF8C1C000120158 /* EntryService.swift */,
				D015C6122BF8C8BD00DE6A4A /* SaveEntryView.swift */,
				D0B66B942BF0E1DC00976941 /* CampusPetsApp.swift */,
				D0B66B962BF0E1DC00976941 /* ContentView.swift */,
				D0B66B982BF0E1DD00976941 /* Assets.xcassets */,
				D0B66B9A2BF0E1DD00976941 /* Preview Content */,
				D08B47B82BF0FCF800120158 /* AuthenticationService.swift */,
				D08B47BA2BF0FF0200120158 /* LandingView.swift */,
			);
			path = CampusPets;
			sourceTree = "<group>";
		};
		D0B66B9A2BF0E1DD00976941 /* Preview Content */ = {
			isa = PBXGroup;
			children = (
				D0B66B9B2BF0E1DD00976941 /* Preview Assets.xcassets */,
			);
			path = "Preview Content";
			sourceTree = "<group>";
		};
		D0B66BA42BF0E1DD00976941 /* CampusPetsTests */ = {
			isa = PBXGroup;
			children = (
				D0B66BA52BF0E1DD00976941 /* CampusPetsTests.swift */,
			);
			path = CampusPetsTests;
			sourceTree = "<group>";
		};
		D0B66BAE2BF0E1DD00976941 /* CampusPetsUITests */ = {
			isa = PBXGroup;
			children = (
				D0B66BAF2BF0E1DD00976941 /* CampusPetsUITests.swift */,
				D0B66BB12BF0E1DD00976941 /* CampusPetsUITestsLaunchTests.swift */,
			);
			path = CampusPetsUITests;
			sourceTree = "<group>";
		};
/* End PBXGroup section */

/* Begin PBXNativeTarget section */
		D0B66B902BF0E1DC00976941 /* CampusPets */ = {
			isa = PBXNativeTarget;
			buildConfigurationList = D0B66BB52BF0E1DD00976941 /* Build configuration list for PBXNativeTarget "CampusPets" */;
			buildPhases = (
				D0B66B8D2BF0E1DC00976941 /* Sources */,
				D0B66B8E2BF0E1DC00976941 /* Frameworks */,
				D0B66B8F2BF0E1DC00976941 /* Resources */,
			);
			buildRules = (
			);
			dependencies = (
			);
			name = CampusPets;
			packageProductDependencies = (
				D0B66BBF2BF0E40700976941 /* AWSCognitoAuthPlugin */,
				D0B66BC12BF0E40700976941 /* AWSS3StoragePlugin */,
				D0B66BC32BF0E40700976941 /* Amplify */,
				D08B47B12BF0F63700120158 /* AWSAPIPlugin */,
			);
			productName = CampusPets;
			productReference = D0B66B912BF0E1DC00976941 /* CampusPets.app */;
			productType = "com.apple.product-type.application";
		};
		D0B66BA02BF0E1DD00976941 /* CampusPetsTests */ = {
			isa = PBXNativeTarget;
			buildConfigurationList = D0B66BB82BF0E1DD00976941 /* Build configuration list for PBXNativeTarget "CampusPetsTests" */;
			buildPhases = (
				D0B66B9D2BF0E1DD00976941 /* Sources */,
				D0B66B9E2BF0E1DD00976941 /* Frameworks */,
				D0B66B9F2BF0E1DD00976941 /* Resources */,
			);
			buildRules = (
			);
			dependencies = (
				D0B66BA32BF0E1DD00976941 /* PBXTargetDependency */,
			);
			name = CampusPetsTests;
			productName = CampusPetsTests;
			productReference = D0B66BA12BF0E1DD00976941 /* CampusPetsTests.xctest */;
			productType = "com.apple.product-type.bundle.unit-test";
		};
		D0B66BAA2BF0E1DD00976941 /* CampusPetsUITests */ = {
			isa = PBXNativeTarget;
			buildConfigurationList = D0B66BBB2BF0E1DD00976941 /* Build configuration list for PBXNativeTarget "CampusPetsUITests" */;
			buildPhases = (
				D0B66BA72BF0E1DD00976941 /* Sources */,
				D0B66BA82BF0E1DD00976941 /* Frameworks */,
				D0B66BA92BF0E1DD00976941 /* Resources */,
			);
			buildRules = (
			);
			dependencies = (
				D0B66BAD2BF0E1DD00976941 /* PBXTargetDependency */,
			);
			name = CampusPetsUITests;
			productName = CampusPetsUITests;
			productReference = D0B66BAB2BF0E1DD00976941 /* CampusPetsUITests.xctest */;
			productType = "com.apple.product-type.bundle.ui-testing";
		};
/* End PBXNativeTarget section */

/* Begin PBXProject section */
		D0B66B892BF0E1DC00976941 /* Project object */ = {
			isa = PBXProject;
			attributes = {
				BuildIndependentTargetsInParallel = 1;
				LastSwiftUpdateCheck = 1520;
				LastUpgradeCheck = 1520;
				TargetAttributes = {
					D0B66B902BF0E1DC00976941 = {
						CreatedOnToolsVersion = 15.2;
					};
					D0B66BA02BF0E1DD00976941 = {
						CreatedOnToolsVersion = 15.2;
						TestTargetID = D0B66B902BF0E1DC00976941;
					};
					D0B66BAA2BF0E1DD00976941 = {
						CreatedOnToolsVersion = 15.2;
						TestTargetID = D0B66B902BF0E1DC00976941;
					};
				};
			};
			buildConfigurationList = D0B66B8C2BF0E1DC00976941 /* Build configuration list for PBXProject "CampusPets" */;
			compatibilityVersion = "Xcode 14.0";
			developmentRegion = en;
			hasScannedForEncodings = 0;
			knownRegions = (
				en,
				Base,
			);
			mainGroup = D0B66B882BF0E1DC00976941;
			packageReferences = (
				D0B66BBE2BF0E40700976941 /* XCRemoteSwiftPackageReference "amplify-swift" */,
			);
			productRefGroup = D0B66B922BF0E1DC00976941 /* Products */;
			projectDirPath = "";
			projectRoot = "";
			targets = (
				D0B66B902BF0E1DC00976941 /* CampusPets */,
				D0B66BA02BF0E1DD00976941 /* CampusPetsTests */,
				D0B66BAA2BF0E1DD00976941 /* CampusPetsUITests */,
			);
		};
/* End PBXProject section */

/* Begin PBXResourcesBuildPhase section */
		D0B66B8F2BF0E1DC00976941 /* Resources */ = {
			isa = PBXResourcesBuildPhase;
			buildActionMask = 2147483647;
			files = (
				D0B66B9C2BF0E1DD00976941 /* Preview Assets.xcassets in Resources */,
				D0B66B992BF0E1DD00976941 /* Assets.xcassets in Resources */,
				4BE3BEB8643E6C6F6FE43EB9 /* awsconfiguration.json in Resources */,
				2F6E05694DFF10485A8DF67F /* amplifyconfiguration.json in Resources */,
			);
			runOnlyForDeploymentPostprocessing = 0;
		};
		D0B66B9F2BF0E1DD00976941 /* Resources */ = {
			isa = PBXResourcesBuildPhase;
			buildActionMask = 2147483647;
			files = (
			);
			runOnlyForDeploymentPostprocessing = 0;
		};
		D0B66BA92BF0E1DD00976941 /* Resources */ = {
			isa = PBXResourcesBuildPhase;
			buildActionMask = 2147483647;
			files = (
			);
			runOnlyForDeploymentPostprocessing = 0;
		};
/* End PBXResourcesBuildPhase section */

/* Begin PBXSourcesBuildPhase section */
		D0B66B8D2BF0E1DC00976941 /* Sources */ = {
			isa = PBXSourcesBuildPhase;
			buildActionMask = 2147483647;
			files = (
				D08B47BD2BF8C1C000120158 /* EntryService.swift in Sources */,
				D08B47BB2BF0FF0200120158 /* LandingView.swift in Sources */,
				D0B66B972BF0E1DC00976941 /* ContentView.swift in Sources */,
				D0B66B952BF0E1DC00976941 /* CampusPetsApp.swift in Sources */,
				D08B47B62BF0F7B200120158 /* EntryView.swift in Sources */,
				D08B47B92BF0FCF800120158 /* AuthenticationService.swift in Sources */,
				E9584BA86AE35D7D998C0AA8 /* AmplifyModels.swift in Sources */,
				0F50576494C28F86BB1F27C8 /* Entry+Schema.swift in Sources */,
				D015C6132BF8C8BD00DE6A4A /* SaveEntryView.swift in Sources */,
				66D16059DC67CB6AE119E3EC /* Entry.swift in Sources */,
			);
			runOnlyForDeploymentPostprocessing = 0;
		};
		D0B66B9D2BF0E1DD00976941 /* Sources */ = {
			isa = PBXSourcesBuildPhase;
			buildActionMask = 2147483647;
			files = (
				D0B66BA62BF0E1DD00976941 /* CampusPetsTests.swift in Sources */,
			);
			runOnlyForDeploymentPostprocessing = 0;
		};
		D0B66BA72BF0E1DD00976941 /* Sources */ = {
			isa = PBXSourcesBuildPhase;
			buildActionMask = 2147483647;
			files = (
				D0B66BB02BF0E1DD00976941 /* CampusPetsUITests.swift in Sources */,
				D0B66BB22BF0E1DD00976941 /* CampusPetsUITestsLaunchTests.swift in Sources */,
			);
			runOnlyForDeploymentPostprocessing = 0;
		};
/* End PBXSourcesBuildPhase section */

/* Begin PBXTargetDependency section */
		D0B66BA32BF0E1DD00976941 /* PBXTargetDependency */ = {
			isa = PBXTargetDependency;
			target = D0B66B902BF0E1DC00976941 /* CampusPets */;
			targetProxy = D0B66BA22BF0E1DD00976941 /* PBXContainerItemProxy */;
		};
		D0B66BAD2BF0E1DD00976941 /* PBXTargetDependency */ = {
			isa = PBXTargetDependency;
			target = D0B66B902BF0E1DC00976941 /* CampusPets */;
			targetProxy = D0B66BAC2BF0E1DD00976941 /* PBXContainerItemProxy */;
		};
/* End PBXTargetDependency section */

/* Begin XCBuildConfiguration section */
		D0B66BB32BF0E1DD00976941 /* Debug */ = {
			isa = XCBuildConfiguration;
			buildSettings = {
				ALWAYS_SEARCH_USER_PATHS = NO;
				ASSETCATALOG_COMPILER_GENERATE_SWIFT_ASSET_SYMBOL_EXTENSIONS = YES;
				CLANG_ANALYZER_NONNULL = YES;
				CLANG_ANALYZER_NUMBER_OBJECT_CONVERSION = YES_AGGRESSIVE;
				CLANG_CXX_LANGUAGE_STANDARD = "gnu++20";
				CLANG_ENABLE_MODULES = YES;
				CLANG_ENABLE_OBJC_ARC = YES;
				CLANG_ENABLE_OBJC_WEAK = YES;
				CLANG_WARN_BLOCK_CAPTURE_AUTORELEASING = YES;
				CLANG_WARN_BOOL_CONVERSION = YES;
				CLANG_WARN_COMMA = YES;
				CLANG_WARN_CONSTANT_CONVERSION = YES;
				CLANG_WARN_DEPRECATED_OBJC_IMPLEMENTATIONS = YES;
				CLANG_WARN_DIRECT_OBJC_ISA_USAGE = YES_ERROR;
				CLANG_WARN_DOCUMENTATION_COMMENTS = YES;
				CLANG_WARN_EMPTY_BODY = YES;
				CLANG_WARN_ENUM_CONVERSION = YES;
				CLANG_WARN_INFINITE_RECURSION = YES;
				CLANG_WARN_INT_CONVERSION = YES;
				CLANG_WARN_NON_LITERAL_NULL_CONVERSION = YES;
				CLANG_WARN_OBJC_IMPLICIT_RETAIN_SELF = YES;
				CLANG_WARN_OBJC_LITERAL_CONVERSION = YES;
				CLANG_WARN_OBJC_ROOT_CLASS = YES_ERROR;
				CLANG_WARN_QUOTED_INCLUDE_IN_FRAMEWORK_HEADER = YES;
				CLANG_WARN_RANGE_LOOP_ANALYSIS = YES;
				CLANG_WARN_STRICT_PROTOTYPES = YES;
				CLANG_WARN_SUSPICIOUS_MOVE = YES;
				CLANG_WARN_UNGUARDED_AVAILABILITY = YES_AGGRESSIVE;
				CLANG_WARN_UNREACHABLE_CODE = YES;
				CLANG_WARN__DUPLICATE_METHOD_MATCH = YES;
				COPY_PHASE_STRIP = NO;
				DEBUG_INFORMATION_FORMAT = dwarf;
				ENABLE_STRICT_OBJC_MSGSEND = YES;
				ENABLE_TESTABILITY = YES;
				ENABLE_USER_SCRIPT_SANDBOXING = YES;
				GCC_C_LANGUAGE_STANDARD = gnu17;
				GCC_DYNAMIC_NO_PIC = NO;
				GCC_NO_COMMON_BLOCKS = YES;
				GCC_OPTIMIZATION_LEVEL = 0;
				GCC_PREPROCESSOR_DEFINITIONS = (
					"DEBUG=1",
					"$(inherited)",
				);
				GCC_WARN_64_TO_32_BIT_CONVERSION = YES;
				GCC_WARN_ABOUT_RETURN_TYPE = YES_ERROR;
				GCC_WARN_UNDECLARED_SELECTOR = YES;
				GCC_WARN_UNINITIALIZED_AUTOS = YES_AGGRESSIVE;
				GCC_WARN_UNUSED_FUNCTION = YES;
				GCC_WARN_UNUSED_VARIABLE = YES;
				IPHONEOS_DEPLOYMENT_TARGET = 17.2;
				LOCALIZATION_PREFERS_STRING_CATALOGS = YES;
				MTL_ENABLE_DEBUG_INFO = INCLUDE_SOURCE;
				MTL_FAST_MATH = YES;
				ONLY_ACTIVE_ARCH = YES;
				SDKROOT = iphoneos;
				SWIFT_ACTIVE_COMPILATION_CONDITIONS = "DEBUG $(inherited)";
				SWIFT_OPTIMIZATION_LEVEL = "-Onone";
			};
			name = Debug;
		};
		D0B66BB42BF0E1DD00976941 /* Release */ = {
			isa = XCBuildConfiguration;
			buildSettings = {
				ALWAYS_SEARCH_USER_PATHS = NO;
				ASSETCATALOG_COMPILER_GENERATE_SWIFT_ASSET_SYMBOL_EXTENSIONS = YES;
				CLANG_ANALYZER_NONNULL = YES;
				CLANG_ANALYZER_NUMBER_OBJECT_CONVERSION = YES_AGGRESSIVE;
				CLANG_CXX_LANGUAGE_STANDARD = "gnu++20";
				CLANG_ENABLE_MODULES = YES;
				CLANG_ENABLE_OBJC_ARC = YES;
				CLANG_ENABLE_OBJC_WEAK = YES;
				CLANG_WARN_BLOCK_CAPTURE_AUTORELEASING = YES;
				CLANG_WARN_BOOL_CONVERSION = YES;
				CLANG_WARN_COMMA = YES;
				CLANG_WARN_CONSTANT_CONVERSION = YES;
				CLANG_WARN_DEPRECATED_OBJC_IMPLEMENTATIONS = YES;
				CLANG_WARN_DIRECT_OBJC_ISA_USAGE = YES_ERROR;
				CLANG_WARN_DOCUMENTATION_COMMENTS = YES;
				CLANG_WARN_EMPTY_BODY = YES;
				CLANG_WARN_ENUM_CONVERSION = YES;
				CLANG_WARN_INFINITE_RECURSION = YES;
				CLANG_WARN_INT_CONVERSION = YES;
				CLANG_WARN_NON_LITERAL_NULL_CONVERSION = YES;
				CLANG_WARN_OBJC_IMPLICIT_RETAIN_SELF = YES;
				CLANG_WARN_OBJC_LITERAL_CONVERSION = YES;
				CLANG_WARN_OBJC_ROOT_CLASS = YES_ERROR;
				CLANG_WARN_QUOTED_INCLUDE_IN_FRAMEWORK_HEADER = YES;
				CLANG_WARN_RANGE_LOOP_ANALYSIS = YES;
				CLANG_WARN_STRICT_PROTOTYPES = YES;
				CLANG_WARN_SUSPICIOUS_MOVE = YES;
				CLANG_WARN_UNGUARDED_AVAILABILITY = YES_AGGRESSIVE;
				CLANG_WARN_UNREACHABLE_CODE = YES;
				CLANG_WARN__DUPLICATE_METHOD_MATCH = YES;
				COPY_PHASE_STRIP = NO;
				DEBUG_INFORMATION_FORMAT = "dwarf-with-dsym";
				ENABLE_NS_ASSERTIONS = NO;
				ENABLE_STRICT_OBJC_MSGSEND = YES;
				ENABLE_USER_SCRIPT_SANDBOXING = YES;
				GCC_C_LANGUAGE_STANDARD = gnu17;
				GCC_NO_COMMON_BLOCKS = YES;
				GCC_WARN_64_TO_32_BIT_CONVERSION = YES;
				GCC_WARN_ABOUT_RETURN_TYPE = YES_ERROR;
				GCC_WARN_UNDECLARED_SELECTOR = YES;
				GCC_WARN_UNINITIALIZED_AUTOS = YES_AGGRESSIVE;
				GCC_WARN_UNUSED_FUNCTION = YES;
				GCC_WARN_UNUSED_VARIABLE = YES;
				IPHONEOS_DEPLOYMENT_TARGET = 17.2;
				LOCALIZATION_PREFERS_STRING_CATALOGS = YES;
				MTL_ENABLE_DEBUG_INFO = NO;
				MTL_FAST_MATH = YES;
				SDKROOT = iphoneos;
				SWIFT_COMPILATION_MODE = wholemodule;
				VALIDATE_PRODUCT = YES;
			};
			name = Release;
		};
		D0B66BB62BF0E1DD00976941 /* Debug */ = {
			isa = XCBuildConfiguration;
			buildSettings = {
				ASSETCATALOG_COMPILER_APPICON_NAME = AppIcon;
				ASSETCATALOG_COMPILER_GLOBAL_ACCENT_COLOR_NAME = AccentColor;
				CODE_SIGN_STYLE = Automatic;
				CURRENT_PROJECT_VERSION = 1;
				DEVELOPMENT_ASSET_PATHS = "\"CampusPets/Preview Content\"";
				DEVELOPMENT_TEAM = KM34WP3AX6;
				ENABLE_PREVIEWS = YES;
				GENERATE_INFOPLIST_FILE = YES;
				INFOPLIST_FILE = CampusPets/Info.plist;
				INFOPLIST_KEY_UIApplicationSceneManifest_Generation = YES;
				INFOPLIST_KEY_UIApplicationSupportsIndirectInputEvents = YES;
				INFOPLIST_KEY_UILaunchScreen_Generation = YES;
				INFOPLIST_KEY_UISupportedInterfaceOrientations_iPad = "UIInterfaceOrientationPortrait UIInterfaceOrientationPortraitUpsideDown UIInterfaceOrientationLandscapeLeft UIInterfaceOrientationLandscapeRight";
				INFOPLIST_KEY_UISupportedInterfaceOrientations_iPhone = "UIInterfaceOrientationPortrait UIInterfaceOrientationLandscapeLeft UIInterfaceOrientationLandscapeRight";
				LD_RUNPATH_SEARCH_PATHS = (
					"$(inherited)",
					"@executable_path/Frameworks",
				);
				MARKETING_VERSION = 1.0;
				PRODUCT_BUNDLE_IDENTIFIER = com.notjsouza.CampusPets;
				PRODUCT_NAME = "$(TARGET_NAME)";
				SWIFT_EMIT_LOC_STRINGS = YES;
				SWIFT_VERSION = 5.0;
				TARGETED_DEVICE_FAMILY = "1,2";
			};
			name = Debug;
		};
		D0B66BB72BF0E1DD00976941 /* Release */ = {
			isa = XCBuildConfiguration;
			buildSettings = {
				ASSETCATALOG_COMPILER_APPICON_NAME = AppIcon;
				ASSETCATALOG_COMPILER_GLOBAL_ACCENT_COLOR_NAME = AccentColor;
				CODE_SIGN_STYLE = Automatic;
				CURRENT_PROJECT_VERSION = 1;
				DEVELOPMENT_ASSET_PATHS = "\"CampusPets/Preview Content\"";
				DEVELOPMENT_TEAM = KM34WP3AX6;
				ENABLE_PREVIEWS = YES;
				GENERATE_INFOPLIST_FILE = YES;
				INFOPLIST_FILE = CampusPets/Info.plist;
				INFOPLIST_KEY_UIApplicationSceneManifest_Generation = YES;
				INFOPLIST_KEY_UIApplicationSupportsIndirectInputEvents = YES;
				INFOPLIST_KEY_UILaunchScreen_Generation = YES;
				INFOPLIST_KEY_UISupportedInterfaceOrientations_iPad = "UIInterfaceOrientationPortrait UIInterfaceOrientationPortraitUpsideDown UIInterfaceOrientationLandscapeLeft UIInterfaceOrientationLandscapeRight";
				INFOPLIST_KEY_UISupportedInterfaceOrientations_iPhone = "UIInterfaceOrientationPortrait UIInterfaceOrientationLandscapeLeft UIInterfaceOrientationLandscapeRight";
				LD_RUNPATH_SEARCH_PATHS = (
					"$(inherited)",
					"@executable_path/Frameworks",
				);
				MARKETING_VERSION = 1.0;
				PRODUCT_BUNDLE_IDENTIFIER = com.notjsouza.CampusPets;
				PRODUCT_NAME = "$(TARGET_NAME)";
				SWIFT_EMIT_LOC_STRINGS = YES;
				SWIFT_VERSION = 5.0;
				TARGETED_DEVICE_FAMILY = "1,2";
			};
			name = Release;
		};
		D0B66BB92BF0E1DD00976941 /* Debug */ = {
			isa = XCBuildConfiguration;
			buildSettings = {
				ALWAYS_EMBED_SWIFT_STANDARD_LIBRARIES = YES;
				BUNDLE_LOADER = "$(TEST_HOST)";
				CODE_SIGN_STYLE = Automatic;
				CURRENT_PROJECT_VERSION = 1;
				DEVELOPMENT_TEAM = KM34WP3AX6;
				GENERATE_INFOPLIST_FILE = YES;
				IPHONEOS_DEPLOYMENT_TARGET = 17.2;
				MARKETING_VERSION = 1.0;
				PRODUCT_BUNDLE_IDENTIFIER = com.notjsouza.CampusPetsTests;
				PRODUCT_NAME = "$(TARGET_NAME)";
				SWIFT_EMIT_LOC_STRINGS = NO;
				SWIFT_VERSION = 5.0;
				TARGETED_DEVICE_FAMILY = "1,2";
				TEST_HOST = "$(BUILT_PRODUCTS_DIR)/CampusPets.app/$(BUNDLE_EXECUTABLE_FOLDER_PATH)/CampusPets";
			};
			name = Debug;
		};
		D0B66BBA2BF0E1DD00976941 /* Release */ = {
			isa = XCBuildConfiguration;
			buildSettings = {
				ALWAYS_EMBED_SWIFT_STANDARD_LIBRARIES = YES;
				BUNDLE_LOADER = "$(TEST_HOST)";
				CODE_SIGN_STYLE = Automatic;
				CURRENT_PROJECT_VERSION = 1;
				DEVELOPMENT_TEAM = KM34WP3AX6;
				GENERATE_INFOPLIST_FILE = YES;
				IPHONEOS_DEPLOYMENT_TARGET = 17.2;
				MARKETING_VERSION = 1.0;
				PRODUCT_BUNDLE_IDENTIFIER = com.notjsouza.CampusPetsTests;
				PRODUCT_NAME = "$(TARGET_NAME)";
				SWIFT_EMIT_LOC_STRINGS = NO;
				SWIFT_VERSION = 5.0;
				TARGETED_DEVICE_FAMILY = "1,2";
				TEST_HOST = "$(BUILT_PRODUCTS_DIR)/CampusPets.app/$(BUNDLE_EXECUTABLE_FOLDER_PATH)/CampusPets";
			};
			name = Release;
		};
		D0B66BBC2BF0E1DD00976941 /* Debug */ = {
			isa = XCBuildConfiguration;
			buildSettings = {
				ALWAYS_EMBED_SWIFT_STANDARD_LIBRARIES = YES;
				CODE_SIGN_STYLE = Automatic;
				CURRENT_PROJECT_VERSION = 1;
				DEVELOPMENT_TEAM = KM34WP3AX6;
				GENERATE_INFOPLIST_FILE = YES;
				MARKETING_VERSION = 1.0;
				PRODUCT_BUNDLE_IDENTIFIER = com.notjsouza.CampusPetsUITests;
				PRODUCT_NAME = "$(TARGET_NAME)";
				SWIFT_EMIT_LOC_STRINGS = NO;
				SWIFT_VERSION = 5.0;
				TARGETED_DEVICE_FAMILY = "1,2";
				TEST_TARGET_NAME = CampusPets;
			};
			name = Debug;
		};
		D0B66BBD2BF0E1DD00976941 /* Release */ = {
			isa = XCBuildConfiguration;
			buildSettings = {
				ALWAYS_EMBED_SWIFT_STANDARD_LIBRARIES = YES;
				CODE_SIGN_STYLE = Automatic;
				CURRENT_PROJECT_VERSION = 1;
				DEVELOPMENT_TEAM = KM34WP3AX6;
				GENERATE_INFOPLIST_FILE = YES;
				MARKETING_VERSION = 1.0;
				PRODUCT_BUNDLE_IDENTIFIER = com.notjsouza.CampusPetsUITests;
				PRODUCT_NAME = "$(TARGET_NAME)";
				SWIFT_EMIT_LOC_STRINGS = NO;
				SWIFT_VERSION = 5.0;
				TARGETED_DEVICE_FAMILY = "1,2";
				TEST_TARGET_NAME = CampusPets;
			};
			name = Release;
		};
/* End XCBuildConfiguration section */

/* Begin XCConfigurationList section */
		D0B66B8C2BF0E1DC00976941 /* Build configuration list for PBXProject "CampusPets" */ = {
			isa = XCConfigurationList;
			buildConfigurations = (
				D0B66BB32BF0E1DD00976941 /* Debug */,
				D0B66BB42BF0E1DD00976941 /* Release */,
			);
			defaultConfigurationIsVisible = 0;
			defaultConfigurationName = Release;
		};
		D0B66BB52BF0E1DD00976941 /* Build configuration list for PBXNativeTarget "CampusPets" */ = {
			isa = XCConfigurationList;
			buildConfigurations = (
				D0B66BB62BF0E1DD00976941 /* Debug */,
				D0B66BB72BF0E1DD00976941 /* Release */,
			);
			defaultConfigurationIsVisible = 0;
			defaultConfigurationName = Release;
		};
		D0B66BB82BF0E1DD00976941 /* Build configuration list for PBXNativeTarget "CampusPetsTests" */ = {
			isa = XCConfigurationList;
			buildConfigurations = (
				D0B66BB92BF0E1DD00976941 /* Debug */,
				D0B66BBA2BF0E1DD00976941 /* Release */,
			);
			defaultConfigurationIsVisible = 0;
			defaultConfigurationName = Release;
		};
		D0B66BBB2BF0E1DD00976941 /* Build configuration list for PBXNativeTarget "CampusPetsUITests" */ = {
			isa = XCConfigurationList;
			buildConfigurations = (
				D0B66BBC2BF0E1DD00976941 /* Debug */,
				D0B66BBD2BF0E1DD00976941 /* Release */,
			);
			defaultConfigurationIsVisible = 0;
			defaultConfigurationName = Release;
		};
/* End XCConfigurationList section */

/* Begin XCRemoteSwiftPackageReference section */
		D0B66BBE2BF0E40700976941 /* XCRemoteSwiftPackageReference "amplify-swift" */ = {
			isa = XCRemoteSwiftPackageReference;
			repositoryURL = "https://github.com/aws-amplify/amplify-swift";
			requirement = {
				branch = main;
				kind = branch;
			};
		};
/* End XCRemoteSwiftPackageReference section */

/* Begin XCSwiftPackageProductDependency section */
		D08B47B12BF0F63700120158 /* AWSAPIPlugin */ = {
			isa = XCSwiftPackageProductDependency;
			package = D0B66BBE2BF0E40700976941 /* XCRemoteSwiftPackageReference "amplify-swift" */;
			productName = AWSAPIPlugin;
		};
		D0B66BBF2BF0E40700976941 /* AWSCognitoAuthPlugin */ = {
			isa = XCSwiftPackageProductDependency;
			package = D0B66BBE2BF0E40700976941 /* XCRemoteSwiftPackageReference "amplify-swift" */;
			productName = AWSCognitoAuthPlugin;
		};
		D0B66BC12BF0E40700976941 /* AWSS3StoragePlugin */ = {
			isa = XCSwiftPackageProductDependency;
			package = D0B66BBE2BF0E40700976941 /* XCRemoteSwiftPackageReference "amplify-swift" */;
			productName = AWSS3StoragePlugin;
		};
		D0B66BC32BF0E40700976941 /* Amplify */ = {
			isa = XCSwiftPackageProductDependency;
			package = D0B66BBE2BF0E40700976941 /* XCRemoteSwiftPackageReference "amplify-swift" */;
			productName = Amplify;
		};
/* End XCSwiftPackageProductDependency section */
	};
	rootObject = D0B66B892BF0E1DC00976941 /* Project object */;
}
